
Microsoft Visual Studio Solution File, Format Version 12.00
# Visual Studio Version 17
VisualStudioVersion = 17.0.31612.314
MinimumVisualStudioVersion = 10.0.40219.1
Project("{FAE04EC0-301F-11D3-BF4B-00C04F79EFBC}") = "DotNetCore06ProjectConfig", "DotNetCore06ProjectConfig\DotNetCore06ProjectConfig.csproj", "{BC553A24-F727-4640-8CB2-BAFA7CA8F1FF}"
EndProject
Global
	GlobalSection(SolutionConfigurationPlatforms) = preSolution
		Debug|Any CPU = Debug|Any CPU
		Release|Any CPU = Release|Any CPU
	EndGlobalSection
	GlobalSection(ProjectConfigurationPlatforms) = postSolution
		{BC553A24-F727-4640-8CB2-BAFA7CA8F1FF}.Debug|Any CPU.ActiveCfg = Debug|Any CPU
		{BC553A24-F727-4640-8CB2-BAFA7CA8F1FF}.Debug|Any CPU.Build.0 = Debug|Any CPU
		{BC553A24-F727-4640-8CB2-BAFA7CA8F1FF}.Release|Any CPU.ActiveCfg = Release|Any CPU
		{BC553A24-F727-4640-8CB2-BAFA7CA8F1FF}.Release|Any CPU.Build.0 = Release|Any CPU
	EndGlobalSection
	GlobalSection(SolutionProperties) = preSolution
		HideSolutionNode = FALSE
	EndGlobalSection
	GlobalSection(ExtensibilityGlobals) = postSolution
		SolutionGuid = {1EDFF121-8F95-4F46-B92E-B5EF957E34DB}
	EndGlobalSection
EndGlobal
